
Microsoft Visual Studio Solution File, Format Version 12.00
# Visual Studio Version 17
VisualStudioVersion = 17.14.36915.13 d17.14
MinimumVisualStudioVersion = 10.0.40219.1
Project("{FAE04EC0-301F-11D3-BF4B-00C04F79EFBC}") = "MycoreApp", "MycoreApp\MycoreApp.csproj", "{5D1BC2E3-8C80-41CE-9EDF-F36491F6B36D}"
EndProject
Global
	GlobalSection(SolutionConfigurationPlatforms) = preSolution
		Debug|Any CPU = Debug|Any CPU
		Release|Any CPU = Release|Any CPU
	EndGlobalSection
	GlobalSection(ProjectConfigurationPlatforms) = postSolution
		{5D1BC2E3-8C80-41CE-9EDF-F36491F6B36D}.Debug|Any CPU.ActiveCfg = Debug|Any CPU
		{5D1BC2E3-8C80-41CE-9EDF-F36491F6B36D}.Debug|Any CPU.Build.0 = Debug|Any CPU
		{5D1BC2E3-8C80-41CE-9EDF-F36491F6B36D}.Release|Any CPU.ActiveCfg = Release|Any CPU
		{5D1BC2E3-8C80-41CE-9EDF-F36491F6B36D}.Release|Any CPU.Build.0 = Release|Any CPU
	EndGlobalSection
	GlobalSection(SolutionProperties) = preSolution
		HideSolutionNode = FALSE
	EndGlobalSection
	GlobalSection(ExtensibilityGlobals) = postSolution
		SolutionGuid = {965FA539-8866-475D-8A8F-BA733FA6FCD3}
	EndGlobalSection
EndGlobal
